// !$*UTF8*$!
{
	archiveVersion = 1;
	classes = {
	};
	objectVersion = 52;
	objects = {

/* Begin PBXBuildFile section */
		B618EC0827146051000D32DA /* ASCollectionView in Frameworks */ = {isa = PBXBuildFile; productRef = B618EC0727146051000D32DA /* ASCollectionView */; };
		B618EC0A27146227000D32DA /* Photo.swift in Sources */ = {isa = PBXBuildFile; fileRef = B618EC0927146227000D32DA /* Photo.swift */; };
		B669030A27156E410015A40D /* Session.swift in Sources */ = {isa = PBXBuildFile; fileRef = B669030927156E410015A40D /* Session.swift */; };
		B669030E27156EFB0015A40D /* LoginWebView.swift in Sources */ = {isa = PBXBuildFile; fileRef = B669030D27156EFB0015A40D /* LoginWebView.swift */; };
		B66903102715B5C20015A40D /* APIService.swift in Sources */ = {isa = PBXBuildFile; fileRef = B669030F2715B5C20015A40D /* APIService.swift */; };
		B66903132715B92A0015A40D /* Alamofire in Frameworks */ = {isa = PBXBuildFile; productRef = B66903122715B92A0015A40D /* Alamofire */; };
		B66903162715B9DB0015A40D /* AsyncOperation.swift in Sources */ = {isa = PBXBuildFile; fileRef = B66903152715B9DB0015A40D /* AsyncOperation.swift */; };
		B66903182715BA060015A40D /* GetDataOperation.swift in Sources */ = {isa = PBXBuildFile; fileRef = B66903172715BA060015A40D /* GetDataOperation.swift */; };
		B669031A2715BA570015A40D /* ParseDataToUsers.swift in Sources */ = {isa = PBXBuildFile; fileRef = B66903192715BA570015A40D /* ParseDataToUsers.swift */; };
		B669031D2715BECE0015A40D /* Kingfisher in Frameworks */ = {isa = PBXBuildFile; productRef = B669031C2715BECE0015A40D /* Kingfisher */; };
		B66903212715C5A50015A40D /* UserViewModel.swift in Sources */ = {isa = PBXBuildFile; fileRef = B66903202715C5A50015A40D /* UserViewModel.swift */; };
		B66903252715E8B80015A40D /* GroupViewModel.swift in Sources */ = {isa = PBXBuildFile; fileRef = B66903242715E8B80015A40D /* GroupViewModel.swift */; };
		B6B34DDD270C338A00C588DF /* VK_GB_SwiftUIApp.swift in Sources */ = {isa = PBXBuildFile; fileRef = B6B34DDC270C338A00C588DF /* VK_GB_SwiftUIApp.swift */; };
		B6B34DDF270C338A00C588DF /* LoginView.swift in Sources */ = {isa = PBXBuildFile; fileRef = B6B34DDE270C338A00C588DF /* LoginView.swift */; };
		B6B34DE1270C338C00C588DF /* Assets.xcassets in Resources */ = {isa = PBXBuildFile; fileRef = B6B34DE0270C338C00C588DF /* Assets.xcassets */; };
		B6B34DE4270C338C00C588DF /* Preview Assets.xcassets in Resources */ = {isa = PBXBuildFile; fileRef = B6B34DE3270C338C00C588DF /* Preview Assets.xcassets */; };
		B6CF8F93270D903B00C8DC15 /* AvatarModifier.swift in Sources */ = {isa = PBXBuildFile; fileRef = B6CF8F92270D903B00C8DC15 /* AvatarModifier.swift */; };
		B6CF8F98270D90BD00C8DC15 /* GroupCellView.swift in Sources */ = {isa = PBXBuildFile; fileRef = B6CF8F97270D90BD00C8DC15 /* GroupCellView.swift */; };
		B6CF8F9B2713225800C8DC15 /* User.swift in Sources */ = {isa = PBXBuildFile; fileRef = B6CF8F9A2713225800C8DC15 /* User.swift */; };
		B6CF8F9D2713239B00C8DC15 /* Status.swift in Sources */ = {isa = PBXBuildFile; fileRef = B6CF8F9C2713239B00C8DC15 /* Status.swift */; };
		B6CF8F9F271323BD00C8DC15 /* Group.swift in Sources */ = {isa = PBXBuildFile; fileRef = B6CF8F9E271323BD00C8DC15 /* Group.swift */; };
		B6CF8FA12713302E00C8DC15 /* StatusColorModifire.swift in Sources */ = {isa = PBXBuildFile; fileRef = B6CF8FA02713302E00C8DC15 /* StatusColorModifire.swift */; };
		B6CF8FA5271354A500C8DC15 /* MainView.swift in Sources */ = {isa = PBXBuildFile; fileRef = B6CF8FA4271354A500C8DC15 /* MainView.swift */; };
		B6CF8FAB2713635D00C8DC15 /* ContentView.swift in Sources */ = {isa = PBXBuildFile; fileRef = B6CF8FAA2713635D00C8DC15 /* ContentView.swift */; };
		B6CF8FAD27136E4E00C8DC15 /* UsersListView.swift in Sources */ = {isa = PBXBuildFile; fileRef = B6CF8FAC27136E4E00C8DC15 /* UsersListView.swift */; };
		B6CF8FAF271376C100C8DC15 /* GroupsListView.swift in Sources */ = {isa = PBXBuildFile; fileRef = B6CF8FAE271376C100C8DC15 /* GroupsListView.swift */; };
		B6CF8FB227137C2800C8DC15 /* NewsListView.swift in Sources */ = {isa = PBXBuildFile; fileRef = B6CF8FB127137C2800C8DC15 /* NewsListView.swift */; };
		B6CF8FB427144C5D00C8DC15 /* UserGalleryView.swift in Sources */ = {isa = PBXBuildFile; fileRef = B6CF8FB327144C5D00C8DC15 /* UserGalleryView.swift */; };
		B6E99F7B270D83D700F0895C /* UserCellView.swift in Sources */ = {isa = PBXBuildFile; fileRef = B6E99F7A270D83D700F0895C /* UserCellView.swift */; };
/* End PBXBuildFile section */

/* Begin PBXCopyFilesBuildPhase section */
		B60E76A727145C730031EDA8 /* Embed Frameworks */ = {
			isa = PBXCopyFilesBuildPhase;
			buildActionMask = 2147483647;
			dstPath = "";
			dstSubfolderSpec = 10;
			files = (
			);
			name = "Embed Frameworks";
			runOnlyForDeploymentPostprocessing = 0;
		};
/* End PBXCopyFilesBuildPhase section */

/* Begin PBXFileReference section */
		B618EC0927146227000D32DA /* Photo.swift */ = {isa = PBXFileReference; lastKnownFileType = sourcecode.swift; path = Photo.swift; sourceTree = "<group>"; };
		B669030927156E410015A40D /* Session.swift */ = {isa = PBXFileReference; lastKnownFileType = sourcecode.swift; path = Session.swift; sourceTree = "<group>"; };
		B669030D27156EFB0015A40D /* LoginWebView.swift */ = {isa = PBXFileReference; lastKnownFileType = sourcecode.swift; path = LoginWebView.swift; sourceTree = "<group>"; };
		B669030F2715B5C20015A40D /* APIService.swift */ = {isa = PBXFileReference; lastKnownFileType = sourcecode.swift; path = APIService.swift; sourceTree = "<group>"; };
		B66903152715B9DB0015A40D /* AsyncOperation.swift */ = {isa = PBXFileReference; lastKnownFileType = sourcecode.swift; path = AsyncOperation.swift; sourceTree = "<group>"; };
		B66903172715BA060015A40D /* GetDataOperation.swift */ = {isa = PBXFileReference; lastKnownFileType = sourcecode.swift; path = GetDataOperation.swift; sourceTree = "<group>"; };
		B66903192715BA570015A40D /* ParseDataToUsers.swift */ = {isa = PBXFileReference; lastKnownFileType = sourcecode.swift; path = ParseDataToUsers.swift; sourceTree = "<group>"; };
		B66903202715C5A50015A40D /* UserViewModel.swift */ = {isa = PBXFileReference; lastKnownFileType = sourcecode.swift; path = UserViewModel.swift; sourceTree = "<group>"; };
		B66903242715E8B80015A40D /* GroupViewModel.swift */ = {isa = PBXFileReference; lastKnownFileType = sourcecode.swift; path = GroupViewModel.swift; sourceTree = "<group>"; };
		B6B34DD9270C338A00C588DF /* VK_GB_SwiftUI.app */ = {isa = PBXFileReference; explicitFileType = wrapper.application; includeInIndex = 0; path = VK_GB_SwiftUI.app; sourceTree = BUILT_PRODUCTS_DIR; };
		B6B34DDC270C338A00C588DF /* VK_GB_SwiftUIApp.swift */ = {isa = PBXFileReference; lastKnownFileType = sourcecode.swift; path = VK_GB_SwiftUIApp.swift; sourceTree = "<group>"; };
		B6B34DDE270C338A00C588DF /* LoginView.swift */ = {isa = PBXFileReference; lastKnownFileType = sourcecode.swift; path = LoginView.swift; sourceTree = "<group>"; };
		B6B34DE0270C338C00C588DF /* Assets.xcassets */ = {isa = PBXFileReference; lastKnownFileType = folder.assetcatalog; path = Assets.xcassets; sourceTree = "<group>"; };
		B6B34DE3270C338C00C588DF /* Preview Assets.xcassets */ = {isa = PBXFileReference; lastKnownFileType = folder.assetcatalog; path = "Preview Assets.xcassets"; sourceTree = "<group>"; };
		B6B34DE5270C338C00C588DF /* Info.plist */ = {isa = PBXFileReference; lastKnownFileType = text.plist.xml; path = Info.plist; sourceTree = "<group>"; };
		B6CF8F92270D903B00C8DC15 /* AvatarModifier.swift */ = {isa = PBXFileReference; lastKnownFileType = sourcecode.swift; path = AvatarModifier.swift; sourceTree = "<group>"; };
		B6CF8F97270D90BD00C8DC15 /* GroupCellView.swift */ = {isa = PBXFileReference; lastKnownFileType = sourcecode.swift; path = GroupCellView.swift; sourceTree = "<group>"; };
		B6CF8F9A2713225800C8DC15 /* User.swift */ = {isa = PBXFileReference; lastKnownFileType = sourcecode.swift; path = User.swift; sourceTree = "<group>"; };
		B6CF8F9C2713239B00C8DC15 /* Status.swift */ = {isa = PBXFileReference; lastKnownFileType = sourcecode.swift; path = Status.swift; sourceTree = "<group>"; };
		B6CF8F9E271323BD00C8DC15 /* Group.swift */ = {isa = PBXFileReference; lastKnownFileType = sourcecode.swift; path = Group.swift; sourceTree = "<group>"; };
		B6CF8FA02713302E00C8DC15 /* StatusColorModifire.swift */ = {isa = PBXFileReference; lastKnownFileType = sourcecode.swift; path = StatusColorModifire.swift; sourceTree = "<group>"; };
		B6CF8FA4271354A500C8DC15 /* MainView.swift */ = {isa = PBXFileReference; lastKnownFileType = sourcecode.swift; path = MainView.swift; sourceTree = "<group>"; };
		B6CF8FAA2713635D00C8DC15 /* ContentView.swift */ = {isa = PBXFileReference; lastKnownFileType = sourcecode.swift; path = ContentView.swift; sourceTree = "<group>"; };
		B6CF8FAC27136E4E00C8DC15 /* UsersListView.swift */ = {isa = PBXFileReference; lastKnownFileType = sourcecode.swift; path = UsersListView.swift; sourceTree = "<group>"; };
		B6CF8FAE271376C100C8DC15 /* GroupsListView.swift */ = {isa = PBXFileReference; lastKnownFileType = sourcecode.swift; path = GroupsListView.swift; sourceTree = "<group>"; };
		B6CF8FB127137C2800C8DC15 /* NewsListView.swift */ = {isa = PBXFileReference; lastKnownFileType = sourcecode.swift; path = NewsListView.swift; sourceTree = "<group>"; };
		B6CF8FB327144C5D00C8DC15 /* UserGalleryView.swift */ = {isa = PBXFileReference; lastKnownFileType = sourcecode.swift; path = UserGalleryView.swift; sourceTree = "<group>"; };
		B6E99F7A270D83D700F0895C /* UserCellView.swift */ = {isa = PBXFileReference; lastKnownFileType = sourcecode.swift; path = UserCellView.swift; sourceTree = "<group>"; };
/* End PBXFileReference section */

/* Begin PBXFrameworksBuildPhase section */
		B6B34DD6270C338A00C588DF /* Frameworks */ = {
			isa = PBXFrameworksBuildPhase;
			buildActionMask = 2147483647;
			files = (
				B669031D2715BECE0015A40D /* Kingfisher in Frameworks */,
				B618EC0827146051000D32DA /* ASCollectionView in Frameworks */,
				B66903132715B92A0015A40D /* Alamofire in Frameworks */,
			);
			runOnlyForDeploymentPostprocessing = 0;
		};
/* End PBXFrameworksBuildPhase section */

/* Begin PBXGroup section */
		B669030727156E0A0015A40D /* UserStories */ = {
			isa = PBXGroup;
			children = (
				B669030B27156E820015A40D /* Login */,
				B6CF8F94270D906E00C8DC15 /* Main */,
				B6CF8F95270D907B00C8DC15 /* Users */,
				B6CF8F96270D908500C8DC15 /* Groups */,
				B6CF8FB027137C1400C8DC15 /* News */,
			);
			path = UserStories;
			sourceTree = "<group>";
		};
		B669030827156E330015A40D /* Services */ = {
			isa = PBXGroup;
			children = (
				B669030927156E410015A40D /* Session.swift */,
				B669030F2715B5C20015A40D /* APIService.swift */,
			);
			path = Services;
			sourceTree = "<group>";
		};
		B669030B27156E820015A40D /* Login */ = {
			isa = PBXGroup;
			children = (
				B669030C27156E8A0015A40D /* View */,
			);
			path = Login;
			sourceTree = "<group>";
		};
		B669030C27156E8A0015A40D /* View */ = {
			isa = PBXGroup;
			children = (
				B6B34DDE270C338A00C588DF /* LoginView.swift */,
				B669030D27156EFB0015A40D /* LoginWebView.swift */,
			);
			path = View;
			sourceTree = "<group>";
		};
		B66903142715B9BB0015A40D /* Operation */ = {
			isa = PBXGroup;
			children = (
				B66903152715B9DB0015A40D /* AsyncOperation.swift */,
				B66903172715BA060015A40D /* GetDataOperation.swift */,
				B66903192715BA570015A40D /* ParseDataToUsers.swift */,
			);
			path = Operation;
			sourceTree = "<group>";
		};
		B669031E2715C4F10015A40D /* View */ = {
			isa = PBXGroup;
			children = (
				B6E99F7A270D83D700F0895C /* UserCellView.swift */,
				B6CF8FAC27136E4E00C8DC15 /* UsersListView.swift */,
				B6CF8FB327144C5D00C8DC15 /* UserGalleryView.swift */,
			);
			path = View;
			sourceTree = "<group>";
		};
		B669031F2715C5900015A40D /* ViewModel */ = {
			isa = PBXGroup;
			children = (
				B66903202715C5A50015A40D /* UserViewModel.swift */,
			);
			path = ViewModel;
			sourceTree = "<group>";
		};
		B66903222715E8930015A40D /* View */ = {
			isa = PBXGroup;
			children = (
				B6CF8F97270D90BD00C8DC15 /* GroupCellView.swift */,
				B6CF8FAE271376C100C8DC15 /* GroupsListView.swift */,
			);
			path = View;
			sourceTree = "<group>";
		};
		B66903232715E8A20015A40D /* ViewModel */ = {
			isa = PBXGroup;
			children = (
				B66903242715E8B80015A40D /* GroupViewModel.swift */,
			);
			path = ViewModel;
			sourceTree = "<group>";
		};
		B6B34DD0270C338A00C588DF = {
			isa = PBXGroup;
			children = (
				B6B34DDB270C338A00C588DF /* VK_GB_SwiftUI */,
				B6B34DDA270C338A00C588DF /* Products */,
			);
			sourceTree = "<group>";
		};
		B6B34DDA270C338A00C588DF /* Products */ = {
			isa = PBXGroup;
			children = (
				B6B34DD9270C338A00C588DF /* VK_GB_SwiftUI.app */,
			);
			name = Products;
			sourceTree = "<group>";
		};
		B6B34DDB270C338A00C588DF /* VK_GB_SwiftUI */ = {
			isa = PBXGroup;
			children = (
				B66903142715B9BB0015A40D /* Operation */,
				B669030827156E330015A40D /* Services */,
				B6CF8F91270D901B00C8DC15 /* Modifiers */,
				B669030727156E0A0015A40D /* UserStories */,
				B6CF8F99271321A000C8DC15 /* Models */,
				B6B34DE0270C338C00C588DF /* Assets.xcassets */,
				B6B34DE5270C338C00C588DF /* Info.plist */,
				B6B34DE2270C338C00C588DF /* Preview Content */,
			);
			path = VK_GB_SwiftUI;
			sourceTree = "<group>";
		};
		B6B34DE2270C338C00C588DF /* Preview Content */ = {
			isa = PBXGroup;
			children = (
				B6B34DE3270C338C00C588DF /* Preview Assets.xcassets */,
			);
			path = "Preview Content";
			sourceTree = "<group>";
		};
		B6CF8F91270D901B00C8DC15 /* Modifiers */ = {
			isa = PBXGroup;
			children = (
				B6CF8F92270D903B00C8DC15 /* AvatarModifier.swift */,
				B6CF8FA02713302E00C8DC15 /* StatusColorModifire.swift */,
			);
			path = Modifiers;
			sourceTree = "<group>";
		};
		B6CF8F94270D906E00C8DC15 /* Main */ = {
			isa = PBXGroup;
			children = (
				B6B34DDC270C338A00C588DF /* VK_GB_SwiftUIApp.swift */,
				B6CF8FA4271354A500C8DC15 /* MainView.swift */,
				B6CF8FAA2713635D00C8DC15 /* ContentView.swift */,
			);
			path = Main;
			sourceTree = "<group>";
		};
		B6CF8F95270D907B00C8DC15 /* Users */ = {
			isa = PBXGroup;
			children = (
				B669031F2715C5900015A40D /* ViewModel */,
				B669031E2715C4F10015A40D /* View */,
			);
			path = Users;
			sourceTree = "<group>";
		};
		B6CF8F96270D908500C8DC15 /* Groups */ = {
			isa = PBXGroup;
			children = (
				B66903232715E8A20015A40D /* ViewModel */,
				B66903222715E8930015A40D /* View */,
			);
			path = Groups;
			sourceTree = "<group>";
		};
		B6CF8F99271321A000C8DC15 /* Models */ = {
			isa = PBXGroup;
			children = (
				B6CF8F9A2713225800C8DC15 /* User.swift */,
				B6CF8F9C2713239B00C8DC15 /* Status.swift */,
				B6CF8F9E271323BD00C8DC15 /* Group.swift */,
				B618EC0927146227000D32DA /* Photo.swift */,
			);
			path = Models;
			sourceTree = "<group>";
		};
		B6CF8FB027137C1400C8DC15 /* News */ = {
			isa = PBXGroup;
			children = (
				B6CF8FB127137C2800C8DC15 /* NewsListView.swift */,
			);
			path = News;
			sourceTree = "<group>";
		};
/* End PBXGroup section */

/* Begin PBXNativeTarget section */
		B6B34DD8270C338A00C588DF /* VK_GB_SwiftUI */ = {
			isa = PBXNativeTarget;
			buildConfigurationList = B6B34DE8270C338C00C588DF /* Build configuration list for PBXNativeTarget "VK_GB_SwiftUI" */;
			buildPhases = (
				B6B34DD5270C338A00C588DF /* Sources */,
				B6B34DD6270C338A00C588DF /* Frameworks */,
				B6B34DD7270C338A00C588DF /* Resources */,
				B60E76A727145C730031EDA8 /* Embed Frameworks */,
			);
			buildRules = (
			);
			dependencies = (
			);
			name = VK_GB_SwiftUI;
			packageProductDependencies = (
				B618EC0727146051000D32DA /* ASCollectionView */,
				B66903122715B92A0015A40D /* Alamofire */,
				B669031C2715BECE0015A40D /* Kingfisher */,
			);
			productName = VK_GB_SwiftUI;
			productReference = B6B34DD9270C338A00C588DF /* VK_GB_SwiftUI.app */;
			productType = "com.apple.product-type.application";
		};
/* End PBXNativeTarget section */

/* Begin PBXProject section */
		B6B34DD1270C338A00C588DF /* Project object */ = {
			isa = PBXProject;
			attributes = {
				LastSwiftUpdateCheck = 1250;
				LastUpgradeCheck = 1250;
				TargetAttributes = {
					B6B34DD8270C338A00C588DF = {
						CreatedOnToolsVersion = 12.5.1;
					};
				};
			};
			buildConfigurationList = B6B34DD4270C338A00C588DF /* Build configuration list for PBXProject "VK_GB_SwiftUI" */;
			compatibilityVersion = "Xcode 9.3";
			developmentRegion = en;
			hasScannedForEncodings = 0;
			knownRegions = (
				en,
				Base,
			);
			mainGroup = B6B34DD0270C338A00C588DF;
			packageReferences = (
				B618EC0627146051000D32DA /* XCRemoteSwiftPackageReference "ASCollectionView" */,
				B66903112715B92A0015A40D /* XCRemoteSwiftPackageReference "Alamofire" */,
				B669031B2715BECE0015A40D /* XCRemoteSwiftPackageReference "Kingfisher" */,
			);
			productRefGroup = B6B34DDA270C338A00C588DF /* Products */;
			projectDirPath = "";
			projectRoot = "";
			targets = (
				B6B34DD8270C338A00C588DF /* VK_GB_SwiftUI */,
			);
		};
/* End PBXProject section */

/* Begin PBXResourcesBuildPhase section */
		B6B34DD7270C338A00C588DF /* Resources */ = {
			isa = PBXResourcesBuildPhase;
			buildActionMask = 2147483647;
			files = (
				B6B34DE4270C338C00C588DF /* Preview Assets.xcassets in Resources */,
				B6B34DE1270C338C00C588DF /* Assets.xcassets in Resources */,
			);
			runOnlyForDeploymentPostprocessing = 0;
		};
/* End PBXResourcesBuildPhase section */

/* Begin PBXSourcesBuildPhase section */
		B6B34DD5270C338A00C588DF /* Sources */ = {
			isa = PBXSourcesBuildPhase;
			buildActionMask = 2147483647;
			files = (
				B618EC0A27146227000D32DA /* Photo.swift in Sources */,
				B66903102715B5C20015A40D /* APIService.swift in Sources */,
				B669030E27156EFB0015A40D /* LoginWebView.swift in Sources */,
				B669030A27156E410015A40D /* Session.swift in Sources */,
				B6B34DDF270C338A00C588DF /* LoginView.swift in Sources */,
				B669031A2715BA570015A40D /* ParseDataToUsers.swift in Sources */,
				B6CF8FAB2713635D00C8DC15 /* ContentView.swift in Sources */,
				B6CF8F93270D903B00C8DC15 /* AvatarModifier.swift in Sources */,
				B66903252715E8B80015A40D /* GroupViewModel.swift in Sources */,
				B6CF8FB227137C2800C8DC15 /* NewsListView.swift in Sources */,
				B6CF8FAF271376C100C8DC15 /* GroupsListView.swift in Sources */,
				B66903212715C5A50015A40D /* UserViewModel.swift in Sources */,
				B6CF8F9D2713239B00C8DC15 /* Status.swift in Sources */,
				B66903182715BA060015A40D /* GetDataOperation.swift in Sources */,
				B6CF8FB427144C5D00C8DC15 /* UserGalleryView.swift in Sources */,
				B6CF8FA5271354A500C8DC15 /* MainView.swift in Sources */,
				B6CF8F9F271323BD00C8DC15 /* Group.swift in Sources */,
				B6CF8F9B2713225800C8DC15 /* User.swift in Sources */,
				B6CF8FAD27136E4E00C8DC15 /* UsersListView.swift in Sources */,
				B6E99F7B270D83D700F0895C /* UserCellView.swift in Sources */,
				B6B34DDD270C338A00C588DF /* VK_GB_SwiftUIApp.swift in Sources */,
				B6CF8F98270D90BD00C8DC15 /* GroupCellView.swift in Sources */,
				B66903162715B9DB0015A40D /* AsyncOperation.swift in Sources */,
				B6CF8FA12713302E00C8DC15 /* StatusColorModifire.swift in Sources */,
			);
			runOnlyForDeploymentPostprocessing = 0;
		};
/* End PBXSourcesBuildPhase section */

/* Begin XCBuildConfiguration section */
		B6B34DE6270C338C00C588DF /* Debug */ = {
			isa = XCBuildConfiguration;
			buildSettings = {
				ALWAYS_SEARCH_USER_PATHS = NO;
				CLANG_ANALYZER_NONNULL = YES;
				CLANG_ANALYZER_NUMBER_OBJECT_CONVERSION = YES_AGGRESSIVE;
				CLANG_CXX_LANGUAGE_STANDARD = "gnu++14";
				CLANG_CXX_LIBRARY = "libc++";
				CLANG_ENABLE_MODULES = YES;
				CLANG_ENABLE_OBJC_ARC = YES;
				CLANG_ENABLE_OBJC_WEAK = YES;
				CLANG_WARN_BLOCK_CAPTURE_AUTORELEASING = YES;
				CLANG_WARN_BOOL_CONVERSION = YES;
				CLANG_WARN_COMMA = YES;
				CLANG_WARN_CONSTANT_CONVERSION = YES;
				CLANG_WARN_DEPRECATED_OBJC_IMPLEMENTATIONS = YES;
				CLANG_WARN_DIRECT_OBJC_ISA_USAGE = YES_ERROR;
				CLANG_WARN_DOCUMENTATION_COMMENTS = YES;
				CLANG_WARN_EMPTY_BODY = YES;
				CLANG_WARN_ENUM_CONVERSION = YES;
				CLANG_WARN_INFINITE_RECURSION = YES;
				CLANG_WARN_INT_CONVERSION = YES;
				CLANG_WARN_NON_LITERAL_NULL_CONVERSION = YES;
				CLANG_WARN_OBJC_IMPLICIT_RETAIN_SELF = YES;
				CLANG_WARN_OBJC_LITERAL_CONVERSION = YES;
				CLANG_WARN_OBJC_ROOT_CLASS = YES_ERROR;
				CLANG_WARN_QUOTED_INCLUDE_IN_FRAMEWORK_HEADER = YES;
				CLANG_WARN_RANGE_LOOP_ANALYSIS = YES;
				CLANG_WARN_STRICT_PROTOTYPES = YES;
				CLANG_WARN_SUSPICIOUS_MOVE = YES;
				CLANG_WARN_UNGUARDED_AVAILABILITY = YES_AGGRESSIVE;
				CLANG_WARN_UNREACHABLE_CODE = YES;
				CLANG_WARN__DUPLICATE_METHOD_MATCH = YES;
				COPY_PHASE_STRIP = NO;
				DEBUG_INFORMATION_FORMAT = dwarf;
				ENABLE_STRICT_OBJC_MSGSEND = YES;
				ENABLE_TESTABILITY = YES;
				GCC_C_LANGUAGE_STANDARD = gnu11;
				GCC_DYNAMIC_NO_PIC = NO;
				GCC_NO_COMMON_BLOCKS = YES;
				GCC_OPTIMIZATION_LEVEL = 0;
				GCC_PREPROCESSOR_DEFINITIONS = (
					"DEBUG=1",
					"$(inherited)",
				);
				GCC_WARN_64_TO_32_BIT_CONVERSION = YES;
				GCC_WARN_ABOUT_RETURN_TYPE = YES_ERROR;
				GCC_WARN_UNDECLARED_SELECTOR = YES;
				GCC_WARN_UNINITIALIZED_AUTOS = YES_AGGRESSIVE;
				GCC_WARN_UNUSED_FUNCTION = YES;
				GCC_WARN_UNUSED_VARIABLE = YES;
				IPHONEOS_DEPLOYMENT_TARGET = 14.5;
				MTL_ENABLE_DEBUG_INFO = INCLUDE_SOURCE;
				MTL_FAST_MATH = YES;
				ONLY_ACTIVE_ARCH = YES;
				SDKROOT = iphoneos;
				SWIFT_ACTIVE_COMPILATION_CONDITIONS = DEBUG;
				SWIFT_OPTIMIZATION_LEVEL = "-Onone";
			};
			name = Debug;
		};
		B6B34DE7270C338C00C588DF /* Release */ = {
			isa = XCBuildConfiguration;
			buildSettings = {
				ALWAYS_SEARCH_USER_PATHS = NO;
				CLANG_ANALYZER_NONNULL = YES;
				CLANG_ANALYZER_NUMBER_OBJECT_CONVERSION = YES_AGGRESSIVE;
				CLANG_CXX_LANGUAGE_STANDARD = "gnu++14";
				CLANG_CXX_LIBRARY = "libc++";
				CLANG_ENABLE_MODULES = YES;
				CLANG_ENABLE_OBJC_ARC = YES;
				CLANG_ENABLE_OBJC_WEAK = YES;
				CLANG_WARN_BLOCK_CAPTURE_AUTORELEASING = YES;
				CLANG_WARN_BOOL_CONVERSION = YES;
				CLANG_WARN_COMMA = YES;
				CLANG_WARN_CONSTANT_CONVERSION = YES;
				CLANG_WARN_DEPRECATED_OBJC_IMPLEMENTATIONS = YES;
				CLANG_WARN_DIRECT_OBJC_ISA_USAGE = YES_ERROR;
				CLANG_WARN_DOCUMENTATION_COMMENTS = YES;
				CLANG_WARN_EMPTY_BODY = YES;
				CLANG_WARN_ENUM_CONVERSION = YES;
				CLANG_WARN_INFINITE_RECURSION = YES;
				CLANG_WARN_INT_CONVERSION = YES;
				CLANG_WARN_NON_LITERAL_NULL_CONVERSION = YES;
				CLANG_WARN_OBJC_IMPLICIT_RETAIN_SELF = YES;
				CLANG_WARN_OBJC_LITERAL_CONVERSION = YES;
				CLANG_WARN_OBJC_ROOT_CLASS = YES_ERROR;
				CLANG_WARN_QUOTED_INCLUDE_IN_FRAMEWORK_HEADER = YES;
				CLANG_WARN_RANGE_LOOP_ANALYSIS = YES;
				CLANG_WARN_STRICT_PROTOTYPES = YES;
				CLANG_WARN_SUSPICIOUS_MOVE = YES;
				CLANG_WARN_UNGUARDED_AVAILABILITY = YES_AGGRESSIVE;
				CLANG_WARN_UNREACHABLE_CODE = YES;
				CLANG_WARN__DUPLICATE_METHOD_MATCH = YES;
				COPY_PHASE_STRIP = NO;
				DEBUG_INFORMATION_FORMAT = "dwarf-with-dsym";
				ENABLE_NS_ASSERTIONS = NO;
				ENABLE_STRICT_OBJC_MSGSEND = YES;
				GCC_C_LANGUAGE_STANDARD = gnu11;
				GCC_NO_COMMON_BLOCKS = YES;
				GCC_WARN_64_TO_32_BIT_CONVERSION = YES;
				GCC_WARN_ABOUT_RETURN_TYPE = YES_ERROR;
				GCC_WARN_UNDECLARED_SELECTOR = YES;
				GCC_WARN_UNINITIALIZED_AUTOS = YES_AGGRESSIVE;
				GCC_WARN_UNUSED_FUNCTION = YES;
				GCC_WARN_UNUSED_VARIABLE = YES;
				IPHONEOS_DEPLOYMENT_TARGET = 14.5;
				MTL_ENABLE_DEBUG_INFO = NO;
				MTL_FAST_MATH = YES;
				SDKROOT = iphoneos;
				SWIFT_COMPILATION_MODE = wholemodule;
				SWIFT_OPTIMIZATION_LEVEL = "-O";
				VALIDATE_PRODUCT = YES;
			};
			name = Release;
		};
		B6B34DE9270C338C00C588DF /* Debug */ = {
			isa = XCBuildConfiguration;
			buildSettings = {
				ASSETCATALOG_COMPILER_APPICON_NAME = AppIcon;
				ASSETCATALOG_COMPILER_GLOBAL_ACCENT_COLOR_NAME = AccentColor;
				CODE_SIGN_STYLE = Automatic;
				DEVELOPMENT_ASSET_PATHS = "\"VK_GB_SwiftUI/Preview Content\"";
				DEVELOPMENT_TEAM = 4KZXD5977U;
				ENABLE_PREVIEWS = YES;
				INFOPLIST_FILE = VK_GB_SwiftUI/Info.plist;
				IPHONEOS_DEPLOYMENT_TARGET = 14.0;
				LD_RUNPATH_SEARCH_PATHS = (
					"$(inherited)",
					"@executable_path/Frameworks",
				);
				PRODUCT_BUNDLE_IDENTIFIER = "Pavel-Chernyaev.VK-GB-SwiftUI";
				PRODUCT_NAME = "$(TARGET_NAME)";
				SWIFT_VERSION = 5.0;
				TARGETED_DEVICE_FAMILY = "1,2";
			};
			name = Debug;
		};
		B6B34DEA270C338C00C588DF /* Release */ = {
			isa = XCBuildConfiguration;
			buildSettings = {
				ASSETCATALOG_COMPILER_APPICON_NAME = AppIcon;
				ASSETCATALOG_COMPILER_GLOBAL_ACCENT_COLOR_NAME = AccentColor;
				CODE_SIGN_STYLE = Automatic;
				DEVELOPMENT_ASSET_PATHS = "\"VK_GB_SwiftUI/Preview Content\"";
				DEVELOPMENT_TEAM = 4KZXD5977U;
				ENABLE_PREVIEWS = YES;
				INFOPLIST_FILE = VK_GB_SwiftUI/Info.plist;
				IPHONEOS_DEPLOYMENT_TARGET = 14.0;
				LD_RUNPATH_SEARCH_PATHS = (
					"$(inherited)",
					"@executable_path/Frameworks",
				);
				PRODUCT_BUNDLE_IDENTIFIER = "Pavel-Chernyaev.VK-GB-SwiftUI";
				PRODUCT_NAME = "$(TARGET_NAME)";
				SWIFT_VERSION = 5.0;
				TARGETED_DEVICE_FAMILY = "1,2";
			};
			name = Release;
		};
/* End XCBuildConfiguration section */

/* Begin XCConfigurationList section */
		B6B34DD4270C338A00C588DF /* Build configuration list for PBXProject "VK_GB_SwiftUI" */ = {
			isa = XCConfigurationList;
			buildConfigurations = (
				B6B34DE6270C338C00C588DF /* Debug */,
				B6B34DE7270C338C00C588DF /* Release */,
			);
			defaultConfigurationIsVisible = 0;
			defaultConfigurationName = Release;
		};
		B6B34DE8270C338C00C588DF /* Build configuration list for PBXNativeTarget "VK_GB_SwiftUI" */ = {
			isa = XCConfigurationList;
			buildConfigurations = (
				B6B34DE9270C338C00C588DF /* Debug */,
				B6B34DEA270C338C00C588DF /* Release */,
			);
			defaultConfigurationIsVisible = 0;
			defaultConfigurationName = Release;
		};
/* End XCConfigurationList section */

/* Begin XCRemoteSwiftPackageReference section */
		B618EC0627146051000D32DA /* XCRemoteSwiftPackageReference "ASCollectionView" */ = {
			isa = XCRemoteSwiftPackageReference;
			repositoryURL = "https://github.com/apptekstudios/ASCollectionView";
			requirement = {
				kind = upToNextMajorVersion;
				minimumVersion = 2.1.1;
			};
		};
		B66903112715B92A0015A40D /* XCRemoteSwiftPackageReference "Alamofire" */ = {
			isa = XCRemoteSwiftPackageReference;
			repositoryURL = "https://github.com/Alamofire/Alamofire";
			requirement = {
				kind = upToNextMajorVersion;
				minimumVersion = 5.4.4;
			};
		};
		B669031B2715BECE0015A40D /* XCRemoteSwiftPackageReference "Kingfisher" */ = {
			isa = XCRemoteSwiftPackageReference;
			repositoryURL = "https://github.com/onevcat/Kingfisher";
			requirement = {
				kind = upToNextMajorVersion;
				minimumVersion = 7.1.0;
			};
		};
/* End XCRemoteSwiftPackageReference section */

/* Begin XCSwiftPackageProductDependency section */
		B618EC0727146051000D32DA /* ASCollectionView */ = {
			isa = XCSwiftPackageProductDependency;
			package = B618EC0627146051000D32DA /* XCRemoteSwiftPackageReference "ASCollectionView" */;
			productName = ASCollectionView;
		};
		B66903122715B92A0015A40D /* Alamofire */ = {
			isa = XCSwiftPackageProductDependency;
			package = B66903112715B92A0015A40D /* XCRemoteSwiftPackageReference "Alamofire" */;
			productName = Alamofire;
		};
		B669031C2715BECE0015A40D /* Kingfisher */ = {
			isa = XCSwiftPackageProductDependency;
			package = B669031B2715BECE0015A40D /* XCRemoteSwiftPackageReference "Kingfisher" */;
			productName = Kingfisher;
		};
/* End XCSwiftPackageProductDependency section */
	};
	rootObject = B6B34DD1270C338A00C588DF /* Project object */;
}
